# THIS IS AN AUTOGENERATED FILE. DO NOT EDIT THIS FILE DIRECTLY.
# yarn lockfile v1


blueimp-canvas-to-blob@3:
  version "3.15.0"
  resolved "https://registry.yarnpkg.com/blueimp-canvas-to-blob/-/blueimp-canvas-to-blob-3.15.0.tgz#7534d81c81624c4a1507f80673abd766f5e4b5cc"
  integrity sha512-gogzDEkyXhIyEmbwkQ8WXHOXHgouVpRHRxy4Vy3CkDuTjNPdjHZofqCVE52vqCgeeCPGioSPjE91ECuClv9Big==

blueimp-file-upload@^10.1.0:
  version "10.1.0"
  resolved "https://registry.yarnpkg.com/blueimp-file-upload/-/blueimp-file-upload-10.1.0.tgz#b376fef7dc4a7a7f61ed7e85cf3c22c9096f9b0b"
  integrity sha512-Zwsp2Omg6wud1LF+setDmIsO8B++r61VmB+MICiZDDT/6QbfHMsfZki5PAoUnT7EHXevsfiXF7tzv2eniiVREQ==
  optionalDependencies:
    blueimp-canvas-to-blob "3"
    blueimp-load-image "2"
    blueimp-tmpl "3"

blueimp-load-image@2:
  version "2.23.0"
  resolved "https://registry.yarnpkg.com/blueimp-load-image/-/blueimp-load-image-2.23.0.tgz#85cdb20cd14b76f59a2e2e0e7914cb41e5ab2300"
  integrity sha512-2xLJfgYWXLXDFWhSZC49ahJtdiPKiGld3rEqp3ecOM428PlyuYxR7bq2vGuMfdlBXi8wYXfcs5T6XmU6XxrA7w==

blueimp-tmpl@3:
  version "3.12.0"
  resolved "https://registry.yarnpkg.com/blueimp-tmpl/-/blueimp-tmpl-3.12.0.tgz#fe56cd90caae619b4f0cb55d9125bc572cd842a5"
  integrity sha512-rzPHcYgZnYmNwtotIUqm7EhYygIasfZOnpmzHU0elGBOLBwkdwpujKEzmdEbawV5xPKpPuux20HYl9dVYCu1rA==

jquery-mask-plugin@^1.14.16:
  version "1.14.16"
  resolved "https://registry.yarnpkg.com/jquery-mask-plugin/-/jquery-mask-plugin-1.14.16.tgz#9ebb55947d984da5aade45315b2fe6b113e28aae"
  integrity sha512-reywdHlYEkPbzWjTpcc1fk9XQ3PLvO5dzEAVqy8zI7NTF22tB1HbeU3iboZTLdkBEPaWAqeI2HtEjsGQ4roZKw==

jquery-validation@^1.19.3:
  version "1.19.3"
  resolved "https://registry.yarnpkg.com/jquery-validation/-/jquery-validation-1.19.3.tgz#50b350eba8b02bcfd119ba15f199487b7eb64086"
  integrity sha512-iXxCS5W7STthSTMFX/NDZfWHBLbJ1behVK3eAgHXAV8/0vRa9M4tiqHvJMr39VGWHMGdlkhrtrkBuaL2UlE8yw==

jquery@^3.4.1:
  version "3.4.1"
  resolved "https://registry.yarnpkg.com/jquery/-/jquery-3.4.1.tgz#714f1f8d9dde4bdfa55764ba37ef214630d80ef2"
  integrity sha512-36+AdBzCL+y6qjw5Tx7HgzeGCzC81MDDgaUP8ld2zhx58HdqXGoBd+tHdrBMiyjGQs0Hxs/MLZTu/eHNJJuWPw==
