# THIS IS AN AUTOGENERATED FILE. DO NOT EDIT THIS FILE DIRECTLY.
# yarn lockfile v1


blueimp-canvas-to-blob@3:
  version "3.15.0"
  resolved "https://registry.yarnpkg.com/blueimp-canvas-to-blob/-/blueimp-canvas-to-blob-3.15.0.tgz#7534d81c81624c4a1507f80673abd766f5e4b5cc"
  integrity sha512-gogzDEkyXhIyEmbwkQ8WXHOXHgouVpRHRxy4Vy3CkDuTjNPdjHZofqCVE52vqCgeeCPGioSPjE91ECuClv9Big==

blueimp-file-upload@^10.1.0:
  version "10.1.0"
  resolved "https://registry.yarnpkg.com/blueimp-file-upload/-/blueimp-file-upload-10.1.0.tgz#b376fef7dc4a7a7f61ed7e85cf3c22c9096f9b0b"
  integrity sha512-Zwsp2Omg6wud1LF+setDmIsO8B++r61VmB+MICiZDDT/6QbfHMsfZki5PAoUnT7EHXevsfiXF7tzv2eniiVREQ==
  optionalDependencies:
    blueimp-canvas-to-blob "3"
    blueimp-load-image "2"
    blueimp-tmpl "3"

blueimp-load-image@2:
  version "2.23.0"
  resolved "https://registry.yarnpkg.com/blueimp-load-image/-/blueimp-load-image-2.23.0.tgz#85cdb20cd14b76f59a2e2e0e7914cb41e5ab2300"
  integrity sha512-2xLJfgYWXLXDFWhSZC49ahJtdiPKiGld3rEqp3ecOM428PlyuYxR7bq2vGuMfdlBXi8wYXfcs5T6XmU6XxrA7w==

blueimp-tmpl@3:
  version "3.12.0"
  resolved "https://registry.yarnpkg.com/blueimp-tmpl/-/blueimp-tmpl-3.12.0.tgz#fe56cd90caae619b4f0cb55d9125bc572cd842a5"
  integrity sha512-rzPHcYgZnYmNwtotIUqm7EhYygIasfZOnpmzHU0elGBOLBwkdwpujKEzmdEbawV5xPKpPuux20HYl9dVYCu1rA==

colors@~0.6.1:
  version "0.6.2"
  resolved "https://registry.yarnpkg.com/colors/-/colors-0.6.2.tgz#2423fe6678ac0c5dae8852e5d0e5be08c997abcc"
  integrity sha1-JCP+ZnisDF2uiFLl0OW+CMmXq8w=

commander@~1.3.2:
  version "1.3.2"
  resolved "https://registry.yarnpkg.com/commander/-/commander-1.3.2.tgz#8a8f30ec670a6fdd64af52f1914b907d79ead5b5"
  integrity sha1-io8w7GcKb91kr1LxkUuQfXnq1bU=
  dependencies:
    keypress "0.1.x"

jquery-mask-plugin@^1.14.16:
  version "1.14.16"
  resolved "https://registry.yarnpkg.com/jquery-mask-plugin/-/jquery-mask-plugin-1.14.16.tgz#9ebb55947d984da5aade45315b2fe6b113e28aae"
  integrity sha512-reywdHlYEkPbzWjTpcc1fk9XQ3PLvO5dzEAVqy8zI7NTF22tB1HbeU3iboZTLdkBEPaWAqeI2HtEjsGQ4roZKw==

jquery-validation@^1.19.1:
  version "1.19.1"
  resolved "https://registry.yarnpkg.com/jquery-validation/-/jquery-validation-1.19.1.tgz#a85043467dc2b70d9fff05778646d150e747742f"
  integrity sha512-QNnrZBqSltWUEJx+shOY5WtfrIb0gWmDjFfQP8rZKqMMSfpRSwEkSqhfHPvDfkObD8Hnv5KHSYI8yg73sVFdqA==

jquery@^3.4.1:
  version "3.4.1"
  resolved "https://registry.yarnpkg.com/jquery/-/jquery-3.4.1.tgz#714f1f8d9dde4bdfa55764ba37ef214630d80ef2"
  integrity sha512-36+AdBzCL+y6qjw5Tx7HgzeGCzC81MDDgaUP8ld2zhx58HdqXGoBd+tHdrBMiyjGQs0Hxs/MLZTu/eHNJJuWPw==

keypress@0.1.x:
  version "0.1.0"
  resolved "https://registry.yarnpkg.com/keypress/-/keypress-0.1.0.tgz#4a3188d4291b66b4f65edb99f806aa9ae293592a"
  integrity sha1-SjGI1CkbZrT2XtuZ+AaqmuKTWSo=

semantic@^0.0.1:
  version "0.0.1"
  resolved "https://registry.yarnpkg.com/semantic/-/semantic-0.0.1.tgz#9237dc2a184ceaba2732545b6e2370f3f030c134"
  integrity sha1-kjfcKhhM6ronMlRbbiNw8/AwwTQ=
  dependencies:
    colors "~0.6.1"
    commander "~1.3.2"
